
Microsoft Visual Studio Solution File, Format Version 12.00
# Visual Studio Version 17
VisualStudioVersion = 17.12.35707.178
MinimumVisualStudioVersion = 10.0.40219.1
Project("{FAE04EC0-301F-11D3-BF4B-00C04F79EFBC}") = "newFitnet", "api\newFitnet.csproj", "{328CA294-13A3-478C-80F6-26E1DF1C58EE}"
EndProject
Project("{E53339B2-1760-4266-BCC7-CA923CBCF16C}") = "docker-compose", "docker-compose.dcproj", "{53349625-4D44-4229-8C7C-8A5BE9684080}"
EndProject
Project("{FAE04EC0-301F-11D3-BF4B-00C04F79EFBC}") = "RazorHtmlEmails.RazorClassLib", "RazorHtmlEmails.RazorClassLib\RazorHtmlEmails.RazorClassLib.csproj", "{0ADC6181-F3E3-475D-B974-06283F68C14D}"
EndProject
Global
	GlobalSection(SolutionConfigurationPlatforms) = preSolution
		Debug|Any CPU = Debug|Any CPU
		Release|Any CPU = Release|Any CPU
	EndGlobalSection
	GlobalSection(ProjectConfigurationPlatforms) = postSolution
		{328CA294-13A3-478C-80F6-26E1DF1C58EE}.Debug|Any CPU.ActiveCfg = Debug|Any CPU
		{328CA294-13A3-478C-80F6-26E1DF1C58EE}.Debug|Any CPU.Build.0 = Debug|Any CPU
		{328CA294-13A3-478C-80F6-26E1DF1C58EE}.Release|Any CPU.ActiveCfg = Release|Any CPU
		{328CA294-13A3-478C-80F6-26E1DF1C58EE}.Release|Any CPU.Build.0 = Release|Any CPU
		{53349625-4D44-4229-8C7C-8A5BE9684080}.Debug|Any CPU.ActiveCfg = Debug|Any CPU
		{53349625-4D44-4229-8C7C-8A5BE9684080}.Debug|Any CPU.Build.0 = Debug|Any CPU
		{53349625-4D44-4229-8C7C-8A5BE9684080}.Release|Any CPU.ActiveCfg = Release|Any CPU
		{53349625-4D44-4229-8C7C-8A5BE9684080}.Release|Any CPU.Build.0 = Release|Any CPU
		{0ADC6181-F3E3-475D-B974-06283F68C14D}.Debug|Any CPU.ActiveCfg = Debug|Any CPU
		{0ADC6181-F3E3-475D-B974-06283F68C14D}.Debug|Any CPU.Build.0 = Debug|Any CPU
		{0ADC6181-F3E3-475D-B974-06283F68C14D}.Release|Any CPU.ActiveCfg = Release|Any CPU
		{0ADC6181-F3E3-475D-B974-06283F68C14D}.Release|Any CPU.Build.0 = Release|Any CPU
	EndGlobalSection
	GlobalSection(SolutionProperties) = preSolution
		HideSolutionNode = FALSE
	EndGlobalSection
EndGlobal
